
Microsoft Visual Studio Solution File, Format Version 12.00
# Visual Studio Version 16
VisualStudioVersion = 16.0.29806.167
MinimumVisualStudioVersion = 10.0.40219.1
Project("{8BC9CEB8-8B4A-11D0-8D11-00A0C91BC942}") = "0602(2)", "0602(2).vcxproj", "{A05C3442-B0FA-4A2A-9A33-762DE33FC356}"
EndProject
Global
	GlobalSection(SolutionConfigurationPlatforms) = preSolution
		Debug|x64 = Debug|x64
		Debug|x86 = Debug|x86
		Release|x64 = Release|x64
		Release|x86 = Release|x86
	EndGlobalSection
	GlobalSection(ProjectConfigurationPlatforms) = postSolution
		{A05C3442-B0FA-4A2A-9A33-762DE33FC356}.Debug|x64.ActiveCfg = Debug|x64
		{A05C3442-B0FA-4A2A-9A33-762DE33FC356}.Debug|x64.Build.0 = Debug|x64
		{A05C3442-B0FA-4A2A-9A33-762DE33FC356}.Debug|x86.ActiveCfg = Debug|Win32
		{A05C3442-B0FA-4A2A-9A33-762DE33FC356}.Debug|x86.Build.0 = Debug|Win32
		{A05C3442-B0FA-4A2A-9A33-762DE33FC356}.Release|x64.ActiveCfg = Release|x64
		{A05C3442-B0FA-4A2A-9A33-762DE33FC356}.Release|x64.Build.0 = Release|x64
		{A05C3442-B0FA-4A2A-9A33-762DE33FC356}.Release|x86.ActiveCfg = Release|Win32
		{A05C3442-B0FA-4A2A-9A33-762DE33FC356}.Release|x86.Build.0 = Release|Win32
	EndGlobalSection
	GlobalSection(SolutionProperties) = preSolution
		HideSolutionNode = FALSE
	EndGlobalSection
	GlobalSection(ExtensibilityGlobals) = postSolution
		SolutionGuid = {4380E581-39C4-45F8-8829-A5D352FDBFF9}
	EndGlobalSection
EndGlobal
